
Microsoft Visual Studio Solution File, Format Version 12.00
# Visual Studio 15
VisualStudioVersion = 15.0.28010.2036
MinimumVisualStudioVersion = 10.0.40219.1
Project("{FAE04EC0-301F-11D3-BF4B-00C04F79EFBC}") = "Ukko.Android", "Ukko\Ukko.Android\Ukko.Android.csproj", "{24CE3C36-16B9-426D-AA0C-5961ECF8D88C}"
EndProject
Project("{9A19103F-16F7-4668-BE54-9A1E7A4F7556}") = "Ukko.MobileAppService", "Ukko\Ukko.MobileAppService\Ukko.MobileAppService.csproj", "{0AA4686F-5C7C-4420-99B5-E9393ED7928F}"
EndProject
Project("{9A19103F-16F7-4668-BE54-9A1E7A4F7556}") = "Ukko", "Ukko\Ukko\Ukko.csproj", "{2D1538ED-775A-4169-A6E1-07A2FBC99A83}"
EndProject
Global
	GlobalSection(SolutionConfigurationPlatforms) = preSolution
		Debug|Any CPU = Debug|Any CPU
		Debug|ARM = Debug|ARM
		Debug|iPhone = Debug|iPhone
		Debug|iPhoneSimulator = Debug|iPhoneSimulator
		Debug|x64 = Debug|x64
		Debug|x86 = Debug|x86
		Release|Any CPU = Release|Any CPU
		Release|ARM = Release|ARM
		Release|iPhone = Release|iPhone
		Release|iPhoneSimulator = Release|iPhoneSimulator
		Release|x64 = Release|x64
		Release|x86 = Release|x86
	EndGlobalSection
	GlobalSection(ProjectConfigurationPlatforms) = postSolution
		{24CE3C36-16B9-426D-AA0C-5961ECF8D88C}.Debug|Any CPU.ActiveCfg = Debug|Any CPU
		{24CE3C36-16B9-426D-AA0C-5961ECF8D88C}.Debug|Any CPU.Build.0 = Debug|Any CPU
		{24CE3C36-16B9-426D-AA0C-5961ECF8D88C}.Debug|Any CPU.Deploy.0 = Debug|Any CPU
		{24CE3C36-16B9-426D-AA0C-5961ECF8D88C}.Debug|ARM.ActiveCfg = Debug|Any CPU
		{24CE3C36-16B9-426D-AA0C-5961ECF8D88C}.Debug|ARM.Build.0 = Debug|Any CPU
		{24CE3C36-16B9-426D-AA0C-5961ECF8D88C}.Debug|ARM.Deploy.0 = Debug|Any CPU
		{24CE3C36-16B9-426D-AA0C-5961ECF8D88C}.Debug|iPhone.ActiveCfg = Debug|Any CPU
		{24CE3C36-16B9-426D-AA0C-5961ECF8D88C}.Debug|iPhone.Build.0 = Debug|Any CPU
		{24CE3C36-16B9-426D-AA0C-5961ECF8D88C}.Debug|iPhone.Deploy.0 = Debug|Any CPU
		{24CE3C36-16B9-426D-AA0C-5961ECF8D88C}.Debug|iPhoneSimulator.ActiveCfg = Debug|Any CPU
		{24CE3C36-16B9-426D-AA0C-5961ECF8D88C}.Debug|iPhoneSimulator.Build.0 = Debug|Any CPU
		{24CE3C36-16B9-426D-AA0C-5961ECF8D88C}.Debug|iPhoneSimulator.Deploy.0 = Debug|Any CPU
		{24CE3C36-16B9-426D-AA0C-5961ECF8D88C}.Debug|x64.ActiveCfg = Debug|Any CPU
		{24CE3C36-16B9-426D-AA0C-5961ECF8D88C}.Debug|x64.Build.0 = Debug|Any CPU
		{24CE3C36-16B9-426D-AA0C-5961ECF8D88C}.Debug|x64.Deploy.0 = Debug|Any CPU
		{24CE3C36-16B9-426D-AA0C-5961ECF8D88C}.Debug|x86.ActiveCfg = Debug|Any CPU
		{24CE3C36-16B9-426D-AA0C-5961ECF8D88C}.Debug|x86.Build.0 = Debug|Any CPU
		{24CE3C36-16B9-426D-AA0C-5961ECF8D88C}.Debug|x86.Deploy.0 = Debug|Any CPU
		{24CE3C36-16B9-426D-AA0C-5961ECF8D88C}.Release|Any CPU.ActiveCfg = Release|Any CPU
		{24CE3C36-16B9-426D-AA0C-5961ECF8D88C}.Release|Any CPU.Build.0 = Release|Any CPU
		{24CE3C36-16B9-426D-AA0C-5961ECF8D88C}.Release|Any CPU.Deploy.0 = Release|Any CPU
		{24CE3C36-16B9-426D-AA0C-5961ECF8D88C}.Release|ARM.ActiveCfg = Release|Any CPU
		{24CE3C36-16B9-426D-AA0C-5961ECF8D88C}.Release|ARM.Build.0 = Release|Any CPU
		{24CE3C36-16B9-426D-AA0C-5961ECF8D88C}.Release|ARM.Deploy.0 = Release|Any CPU
		{24CE3C36-16B9-426D-AA0C-5961ECF8D88C}.Release|iPhone.ActiveCfg = Release|Any CPU
		{24CE3C36-16B9-426D-AA0C-5961ECF8D88C}.Release|iPhone.Build.0 = Release|Any CPU
		{24CE3C36-16B9-426D-AA0C-5961ECF8D88C}.Release|iPhone.Deploy.0 = Release|Any CPU
		{24CE3C36-16B9-426D-AA0C-5961ECF8D88C}.Release|iPhoneSimulator.ActiveCfg = Release|Any CPU
		{24CE3C36-16B9-426D-AA0C-5961ECF8D88C}.Release|iPhoneSimulator.Build.0 = Release|Any CPU
		{24CE3C36-16B9-426D-AA0C-5961ECF8D88C}.Release|iPhoneSimulator.Deploy.0 = Release|Any CPU
		{24CE3C36-16B9-426D-AA0C-5961ECF8D88C}.Release|x64.ActiveCfg = Release|Any CPU
		{24CE3C36-16B9-426D-AA0C-5961ECF8D88C}.Release|x64.Build.0 = Release|Any CPU
		{24CE3C36-16B9-426D-AA0C-5961ECF8D88C}.Release|x64.Deploy.0 = Release|Any CPU
		{24CE3C36-16B9-426D-AA0C-5961ECF8D88C}.Release|x86.ActiveCfg = Release|Any CPU
		{24CE3C36-16B9-426D-AA0C-5961ECF8D88C}.Release|x86.Build.0 = Release|Any CPU
		{24CE3C36-16B9-426D-AA0C-5961ECF8D88C}.Release|x86.Deploy.0 = Release|Any CPU
		{0AA4686F-5C7C-4420-99B5-E9393ED7928F}.Debug|Any CPU.ActiveCfg = Debug|Any CPU
		{0AA4686F-5C7C-4420-99B5-E9393ED7928F}.Debug|Any CPU.Build.0 = Debug|Any CPU
		{0AA4686F-5C7C-4420-99B5-E9393ED7928F}.Debug|ARM.ActiveCfg = Debug|Any CPU
		{0AA4686F-5C7C-4420-99B5-E9393ED7928F}.Debug|ARM.Build.0 = Debug|Any CPU
		{0AA4686F-5C7C-4420-99B5-E9393ED7928F}.Debug|iPhone.ActiveCfg = Debug|Any CPU
		{0AA4686F-5C7C-4420-99B5-E9393ED7928F}.Debug|iPhone.Build.0 = Debug|Any CPU
		{0AA4686F-5C7C-4420-99B5-E9393ED7928F}.Debug|iPhoneSimulator.ActiveCfg = Debug|Any CPU
		{0AA4686F-5C7C-4420-99B5-E9393ED7928F}.Debug|iPhoneSimulator.Build.0 = Debug|Any CPU
		{0AA4686F-5C7C-4420-99B5-E9393ED7928F}.Debug|x64.ActiveCfg = Debug|Any CPU
		{0AA4686F-5C7C-4420-99B5-E9393ED7928F}.Debug|x64.Build.0 = Debug|Any CPU
		{0AA4686F-5C7C-4420-99B5-E9393ED7928F}.Debug|x86.ActiveCfg = Debug|Any CPU
		{0AA4686F-5C7C-4420-99B5-E9393ED7928F}.Debug|x86.Build.0 = Debug|Any CPU
		{0AA4686F-5C7C-4420-99B5-E9393ED7928F}.Release|Any CPU.ActiveCfg = Release|Any CPU
		{0AA4686F-5C7C-4420-99B5-E9393ED7928F}.Release|Any CPU.Build.0 = Release|Any CPU
		{0AA4686F-5C7C-4420-99B5-E9393ED7928F}.Release|ARM.ActiveCfg = Release|Any CPU
		{0AA4686F-5C7C-4420-99B5-E9393ED7928F}.Release|ARM.Build.0 = Release|Any CPU
		{0AA4686F-5C7C-4420-99B5-E9393ED7928F}.Release|iPhone.ActiveCfg = Release|Any CPU
		{0AA4686F-5C7C-4420-99B5-E9393ED7928F}.Release|iPhone.Build.0 = Release|Any CPU
		{0AA4686F-5C7C-4420-99B5-E9393ED7928F}.Release|iPhoneSimulator.ActiveCfg = Release|Any CPU
		{0AA4686F-5C7C-4420-99B5-E9393ED7928F}.Release|iPhoneSimulator.Build.0 = Release|Any CPU
		{0AA4686F-5C7C-4420-99B5-E9393ED7928F}.Release|x64.ActiveCfg = Release|Any CPU
		{0AA4686F-5C7C-4420-99B5-E9393ED7928F}.Release|x64.Build.0 = Release|Any CPU
		{0AA4686F-5C7C-4420-99B5-E9393ED7928F}.Release|x86.ActiveCfg = Release|Any CPU
		{0AA4686F-5C7C-4420-99B5-E9393ED7928F}.Release|x86.Build.0 = Release|Any CPU
		{2D1538ED-775A-4169-A6E1-07A2FBC99A83}.Debug|Any CPU.ActiveCfg = Debug|Any CPU
		{2D1538ED-775A-4169-A6E1-07A2FBC99A83}.Debug|Any CPU.Build.0 = Debug|Any CPU
		{2D1538ED-775A-4169-A6E1-07A2FBC99A83}.Debug|ARM.ActiveCfg = Debug|Any CPU
		{2D1538ED-775A-4169-A6E1-07A2FBC99A83}.Debug|ARM.Build.0 = Debug|Any CPU
		{2D1538ED-775A-4169-A6E1-07A2FBC99A83}.Debug|iPhone.ActiveCfg = Debug|Any CPU
		{2D1538ED-775A-4169-A6E1-07A2FBC99A83}.Debug|iPhone.Build.0 = Debug|Any CPU
		{2D1538ED-775A-4169-A6E1-07A2FBC99A83}.Debug|iPhoneSimulator.ActiveCfg = Debug|Any CPU
		{2D1538ED-775A-4169-A6E1-07A2FBC99A83}.Debug|iPhoneSimulator.Build.0 = Debug|Any CPU
		{2D1538ED-775A-4169-A6E1-07A2FBC99A83}.Debug|x64.ActiveCfg = Debug|Any CPU
		{2D1538ED-775A-4169-A6E1-07A2FBC99A83}.Debug|x64.Build.0 = Debug|Any CPU
		{2D1538ED-775A-4169-A6E1-07A2FBC99A83}.Debug|x86.ActiveCfg = Debug|Any CPU
		{2D1538ED-775A-4169-A6E1-07A2FBC99A83}.Debug|x86.Build.0 = Debug|Any CPU
		{2D1538ED-775A-4169-A6E1-07A2FBC99A83}.Release|Any CPU.ActiveCfg = Release|Any CPU
		{2D1538ED-775A-4169-A6E1-07A2FBC99A83}.Release|Any CPU.Build.0 = Release|Any CPU
		{2D1538ED-775A-4169-A6E1-07A2FBC99A83}.Release|ARM.ActiveCfg = Release|Any CPU
		{2D1538ED-775A-4169-A6E1-07A2FBC99A83}.Release|ARM.Build.0 = Release|Any CPU
		{2D1538ED-775A-4169-A6E1-07A2FBC99A83}.Release|iPhone.ActiveCfg = Release|Any CPU
		{2D1538ED-775A-4169-A6E1-07A2FBC99A83}.Release|iPhone.Build.0 = Release|Any CPU
		{2D1538ED-775A-4169-A6E1-07A2FBC99A83}.Release|iPhoneSimulator.ActiveCfg = Release|Any CPU
		{2D1538ED-775A-4169-A6E1-07A2FBC99A83}.Release|iPhoneSimulator.Build.0 = Release|Any CPU
		{2D1538ED-775A-4169-A6E1-07A2FBC99A83}.Release|x64.ActiveCfg = Release|Any CPU
		{2D1538ED-775A-4169-A6E1-07A2FBC99A83}.Release|x64.Build.0 = Release|Any CPU
		{2D1538ED-775A-4169-A6E1-07A2FBC99A83}.Release|x86.ActiveCfg = Release|Any CPU
		{2D1538ED-775A-4169-A6E1-07A2FBC99A83}.Release|x86.Build.0 = Release|Any CPU
	EndGlobalSection
	GlobalSection(SolutionProperties) = preSolution
		HideSolutionNode = FALSE
	EndGlobalSection
	GlobalSection(ExtensibilityGlobals) = postSolution
		SolutionGuid = {7154CBC0-F603-43BD-BAA1-DE6017511AC1}
	EndGlobalSection
EndGlobal
